
Microsoft Visual Studio Solution File, Format Version 12.00
# Visual Studio 15
Project("{FAE04EC0-301F-11D3-BF4B-00C04F79EFBC}") = "WeChat_Xamarin", "WeChat_Xamarin\WeChat_Xamarin.csproj", "{4E818858-CB20-4ECD-B4C7-BF921B47C2D0}"
EndProject
Project("{FAE04EC0-301F-11D3-BF4B-00C04F79EFBC}") = "Sample", "Sample\Sample.csproj", "{B73DB5DC-519B-4117-8DF6-683B429AC1A3}"
EndProject
Global
	GlobalSection(SolutionConfigurationPlatforms) = preSolution
		Debug|Any CPU = Debug|Any CPU
		Release|Any CPU = Release|Any CPU
		Debug|iPhoneSimulator = Debug|iPhoneSimulator
		Release|iPhone = Release|iPhone
		Release|iPhoneSimulator = Release|iPhoneSimulator
		Debug|iPhone = Debug|iPhone
	EndGlobalSection
	GlobalSection(ProjectConfigurationPlatforms) = postSolution
		{4E818858-CB20-4ECD-B4C7-BF921B47C2D0}.Debug|Any CPU.ActiveCfg = Debug|Any CPU
		{4E818858-CB20-4ECD-B4C7-BF921B47C2D0}.Debug|Any CPU.Build.0 = Debug|Any CPU
		{4E818858-CB20-4ECD-B4C7-BF921B47C2D0}.Release|Any CPU.ActiveCfg = Release|Any CPU
		{4E818858-CB20-4ECD-B4C7-BF921B47C2D0}.Release|Any CPU.Build.0 = Release|Any CPU
		{4E818858-CB20-4ECD-B4C7-BF921B47C2D0}.Debug|iPhoneSimulator.ActiveCfg = Debug|Any CPU
		{4E818858-CB20-4ECD-B4C7-BF921B47C2D0}.Debug|iPhoneSimulator.Build.0 = Debug|Any CPU
		{4E818858-CB20-4ECD-B4C7-BF921B47C2D0}.Release|iPhone.ActiveCfg = Release|Any CPU
		{4E818858-CB20-4ECD-B4C7-BF921B47C2D0}.Release|iPhone.Build.0 = Release|Any CPU
		{4E818858-CB20-4ECD-B4C7-BF921B47C2D0}.Release|iPhoneSimulator.ActiveCfg = Release|Any CPU
		{4E818858-CB20-4ECD-B4C7-BF921B47C2D0}.Release|iPhoneSimulator.Build.0 = Release|Any CPU
		{4E818858-CB20-4ECD-B4C7-BF921B47C2D0}.Debug|iPhone.ActiveCfg = Debug|Any CPU
		{4E818858-CB20-4ECD-B4C7-BF921B47C2D0}.Debug|iPhone.Build.0 = Debug|Any CPU
		{B73DB5DC-519B-4117-8DF6-683B429AC1A3}.Debug|Any CPU.ActiveCfg = Debug|iPhoneSimulator
		{B73DB5DC-519B-4117-8DF6-683B429AC1A3}.Debug|Any CPU.Build.0 = Debug|iPhoneSimulator
		{B73DB5DC-519B-4117-8DF6-683B429AC1A3}.Release|Any CPU.ActiveCfg = Release|iPhone
		{B73DB5DC-519B-4117-8DF6-683B429AC1A3}.Release|Any CPU.Build.0 = Release|iPhone
		{B73DB5DC-519B-4117-8DF6-683B429AC1A3}.Debug|iPhoneSimulator.ActiveCfg = Debug|iPhoneSimulator
		{B73DB5DC-519B-4117-8DF6-683B429AC1A3}.Debug|iPhoneSimulator.Build.0 = Debug|iPhoneSimulator
		{B73DB5DC-519B-4117-8DF6-683B429AC1A3}.Release|iPhone.ActiveCfg = Release|iPhone
		{B73DB5DC-519B-4117-8DF6-683B429AC1A3}.Release|iPhone.Build.0 = Release|iPhone
		{B73DB5DC-519B-4117-8DF6-683B429AC1A3}.Release|iPhoneSimulator.ActiveCfg = Release|iPhoneSimulator
		{B73DB5DC-519B-4117-8DF6-683B429AC1A3}.Release|iPhoneSimulator.Build.0 = Release|iPhoneSimulator
		{B73DB5DC-519B-4117-8DF6-683B429AC1A3}.Debug|iPhone.ActiveCfg = Debug|iPhone
		{B73DB5DC-519B-4117-8DF6-683B429AC1A3}.Debug|iPhone.Build.0 = Debug|iPhone
	EndGlobalSection
EndGlobal
